
Microsoft Visual Studio Solution File, Format Version 12.00
# Visual Studio Version 17
VisualStudioVersion = 17.14.37111.16 d17.14
MinimumVisualStudioVersion = 10.0.40219.1
Project("{FAE04EC0-301F-11D3-BF4B-00C04F79EFBC}") = "ProductManagementAPI", "ProductManagementAPI\ProductManagementAPI.csproj", "{48682FA8-2979-4442-8814-FA4F072E9EEC}"
EndProject
Global
	GlobalSection(SolutionConfigurationPlatforms) = preSolution
		Debug|Any CPU = Debug|Any CPU
		Release|Any CPU = Release|Any CPU
	EndGlobalSection
	GlobalSection(ProjectConfigurationPlatforms) = postSolution
		{48682FA8-2979-4442-8814-FA4F072E9EEC}.Debug|Any CPU.ActiveCfg = Debug|Any CPU
		{48682FA8-2979-4442-8814-FA4F072E9EEC}.Debug|Any CPU.Build.0 = Debug|Any CPU
		{48682FA8-2979-4442-8814-FA4F072E9EEC}.Release|Any CPU.ActiveCfg = Release|Any CPU
		{48682FA8-2979-4442-8814-FA4F072E9EEC}.Release|Any CPU.Build.0 = Release|Any CPU
	EndGlobalSection
	GlobalSection(SolutionProperties) = preSolution
		HideSolutionNode = FALSE
	EndGlobalSection
	GlobalSection(ExtensibilityGlobals) = postSolution
		SolutionGuid = {D8DEFA87-9BDE-4850-81B1-2D3395F3CF55}
	EndGlobalSection
EndGlobal
